{
  "object": {
    "pins": [
      {
        "package": "PerfectPython",
        "repositoryURL": "https://github.com/PerfectlySoft/Perfect-Python.git",
        "state": {
          "branch": null,
          "revision": "764a85d6fee5c42701d9b2fca6e30fa921361ae4",
          "version": "3.2.0"
        }
      }
    ]
  },
  "version": 1
}
